{
  "nodes": {
    "nixos-hardware": {
      "locked": {
        "lastModified": 1724575805,
        "narHash": "sha256-OB/kEL3GAhUZmUfkbPfsPhKs0pRqJKs0EEBiLfyKZw8=",
        "owner": "NixOS",
        "repo": "nixos-hardware",
        "rev": "9fc19be21f0807d6be092d70bf0b1de0c00ac895",
        "type": "github"
      },
      "original": {
        "owner": "NixOS",
        "ref": "master",
        "repo": "nixos-hardware",
        "type": "github"
      }
    },
    "nixpkgs": {
      "locked": {
        "lastModified": 1720535198,
        "narHash": "sha256-zwVvxrdIzralnSbcpghA92tWu2DV2lwv89xZc8MTrbg=",
        "owner": "NixOS",
        "repo": "nixpkgs",
        "rev": "205fd4226592cc83fd4c0885a3e4c9c400efabb5",
        "type": "github"
      },
      "original": {
        "owner": "NixOS",
        "ref": "release-23.11",
        "repo": "nixpkgs",
        "type": "github"
      }
    },
    "root": {
      "inputs": {
        "nixos-hardware": "nixos-hardware",
        "nixpkgs": "nixpkgs"
      }
    }
  },
  "root": "root",
  "version": 7
}
